
Microsoft Visual Studio Solution File, Format Version 12.00
# Visual Studio 2012
Project("{FAE04EC0-301F-11D3-BF4B-00C04F79EFBC}") = "Calculator", "Calculator.csproj", "{C3802C3E-5D24-4D4E-9B2F-6DF5553496FB}"
EndProject
Project("{FAE04EC0-301F-11D3-BF4B-00C04F79EFBC}") = "BasicCommand", "..\BasicCommand\BasicCommand.csproj", "{6B2A4983-919C-4E0A-B654-E3E9A3ECB854}"
EndProject
Project("{FAE04EC0-301F-11D3-BF4B-00C04F79EFBC}") = "TrigoCommand", "..\TrigoCommand\TrigoCommand.csproj", "{1685BF27-12F7-40A1-9E52-1F9E902A92B4}"
EndProject
Global
	GlobalSection(SolutionConfigurationPlatforms) = preSolution
		Debug|x86 = Debug|x86
		Release|x86 = Release|x86
	EndGlobalSection
	GlobalSection(ProjectConfigurationPlatforms) = postSolution
		{C3802C3E-5D24-4D4E-9B2F-6DF5553496FB}.Debug|x86.ActiveCfg = Debug|x86
		{C3802C3E-5D24-4D4E-9B2F-6DF5553496FB}.Debug|x86.Build.0 = Debug|x86
		{C3802C3E-5D24-4D4E-9B2F-6DF5553496FB}.Release|x86.ActiveCfg = Release|x86
		{C3802C3E-5D24-4D4E-9B2F-6DF5553496FB}.Release|x86.Build.0 = Release|x86
		{6B2A4983-919C-4E0A-B654-E3E9A3ECB854}.Debug|x86.ActiveCfg = Debug|Any CPU
		{6B2A4983-919C-4E0A-B654-E3E9A3ECB854}.Debug|x86.Build.0 = Debug|Any CPU
		{6B2A4983-919C-4E0A-B654-E3E9A3ECB854}.Release|x86.ActiveCfg = Release|Any CPU
		{6B2A4983-919C-4E0A-B654-E3E9A3ECB854}.Release|x86.Build.0 = Release|Any CPU
		{1685BF27-12F7-40A1-9E52-1F9E902A92B4}.Debug|x86.ActiveCfg = Debug|Any CPU
		{1685BF27-12F7-40A1-9E52-1F9E902A92B4}.Debug|x86.Build.0 = Debug|Any CPU
		{1685BF27-12F7-40A1-9E52-1F9E902A92B4}.Release|x86.ActiveCfg = Release|Any CPU
		{1685BF27-12F7-40A1-9E52-1F9E902A92B4}.Release|x86.Build.0 = Release|Any CPU
	EndGlobalSection
EndGlobal
